
Microsoft Visual Studio Solution File, Format Version 12.00
# Visual Studio Version 17
VisualStudioVersion = 17.4.33110.190
MinimumVisualStudioVersion = 10.0.40219.1
Project("{FAE04EC0-301F-11D3-BF4B-00C04F79EFBC}") = "YapBoz", "YapBoz\YapBoz.csproj", "{0B47CD86-0D3B-48D4-9B93-0D982AE002A2}"
EndProject
Global
	GlobalSection(SolutionConfigurationPlatforms) = preSolution
		Debug|Any CPU = Debug|Any CPU
		Release|Any CPU = Release|Any CPU
	EndGlobalSection
	GlobalSection(ProjectConfigurationPlatforms) = postSolution
		{0B47CD86-0D3B-48D4-9B93-0D982AE002A2}.Debug|Any CPU.ActiveCfg = Debug|Any CPU
		{0B47CD86-0D3B-48D4-9B93-0D982AE002A2}.Debug|Any CPU.Build.0 = Debug|Any CPU
		{0B47CD86-0D3B-48D4-9B93-0D982AE002A2}.Release|Any CPU.ActiveCfg = Release|Any CPU
		{0B47CD86-0D3B-48D4-9B93-0D982AE002A2}.Release|Any CPU.Build.0 = Release|Any CPU
	EndGlobalSection
	GlobalSection(SolutionProperties) = preSolution
		HideSolutionNode = FALSE
	EndGlobalSection
	GlobalSection(ExtensibilityGlobals) = postSolution
		SolutionGuid = {EB34762A-CE92-4AE6-9616-4A42937D820A}
	EndGlobalSection
EndGlobal
